{
  "name": "@nias/shared",
  "version": "1.0.0",
  "lockfileVersion": 3,
  "requires": true,
  "packages": {
    "": {
      "name": "@nias/shared",
      "version": "1.0.0",
      "dependencies": {
        "@nias/sync-server": "file:../nias-sync-server",
        "zod": "^4.4.3"
      }
    },
    "../nias-sync-server": {
      "name": "@nias/sync-server",
      "version": "0.1.0",
      "dependencies": {
        "@nias/shared": "file:../nias-shared",
        "@supabase/supabase-js": "^2.108.2",
        "compression": "^1.8.1",
        "cors": "^2.8.6",
        "drizzle-orm": "^0.45.2",
        "express": "^5.2.1",
        "express-rate-limit": "^8.5.2",
        "helmet": "^8.2.0",
        "pino": "^10.3.1",
        "pino-http": "^11.0.0",
        "postgres": "^3.4.9",
        "uuid": "^14.0.0",
        "zod": "^4.4.3"
      },
      "devDependencies": {
        "@types/compression": "^1.8.1",
        "@types/cors": "^2.8.19",
        "@types/express": "^5.0.6",
        "@types/node": "^25.9.3",
        "dotenv": "^17.4.2",
        "drizzle-kit": "^0.31.10",
        "pino-pretty": "^13.1.2",
        "typescript": "^6.0.3"
      }
    },
    "node_modules/@nias/sync-server": {
      "resolved": "../nias-sync-server",
      "link": true
    },
    "node_modules/zod": {
      "version": "4.4.3",
      "resolved": "https://registry.npmjs.org/zod/-/zod-4.4.3.tgz",
      "integrity": "sha512-ytENFjIJFl2UwYglde2jchW2Hwm4GJFLDiSXWdTrJQBIN9Fcyp7n4DhxJEiWNAJMV1/BqWfW/kkg71UDcHJyTQ==",
      "license": "MIT",
      "funding": {
        "url": "https://github.com/sponsors/colinhacks"
      }
    }
  }
}
